
Microsoft Visual Studio Solution File, Format Version 12.00
# Visual Studio 14
VisualStudioVersion = 14.0.25420.1
MinimumVisualStudioVersion = 10.0.40219.1
Project("{FAE04EC0-301F-11D3-BF4B-00C04F79EFBC}") = "ZumaneGas_OperationalSystem", "ZumaneGas_OperationalSystem\ZumaneGas_OperationalSystem.csproj", "{019B9BEB-59F2-4510-82FF-788E61589C2F}"
EndProject
Project("{FAE04EC0-301F-11D3-BF4B-00C04F79EFBC}") = "ZumaneGas_OperationalSystemTests", "ZumaneGas_OperationalSystemTests\ZumaneGas_OperationalSystemTests.csproj", "{492ED1F2-642C-4D57-A631-2E12476FD850}"
EndProject
Global
	GlobalSection(SolutionConfigurationPlatforms) = preSolution
		Debug|Any CPU = Debug|Any CPU
		Release|Any CPU = Release|Any CPU
	EndGlobalSection
	GlobalSection(ProjectConfigurationPlatforms) = postSolution
		{019B9BEB-59F2-4510-82FF-788E61589C2F}.Debug|Any CPU.ActiveCfg = Debug|Any CPU
		{019B9BEB-59F2-4510-82FF-788E61589C2F}.Debug|Any CPU.Build.0 = Debug|Any CPU
		{019B9BEB-59F2-4510-82FF-788E61589C2F}.Release|Any CPU.ActiveCfg = Release|Any CPU
		{019B9BEB-59F2-4510-82FF-788E61589C2F}.Release|Any CPU.Build.0 = Release|Any CPU
		{492ED1F2-642C-4D57-A631-2E12476FD850}.Debug|Any CPU.ActiveCfg = Debug|Any CPU
		{492ED1F2-642C-4D57-A631-2E12476FD850}.Debug|Any CPU.Build.0 = Debug|Any CPU
		{492ED1F2-642C-4D57-A631-2E12476FD850}.Release|Any CPU.ActiveCfg = Release|Any CPU
		{492ED1F2-642C-4D57-A631-2E12476FD850}.Release|Any CPU.Build.0 = Release|Any CPU
	EndGlobalSection
	GlobalSection(SolutionProperties) = preSolution
		HideSolutionNode = FALSE
	EndGlobalSection
EndGlobal
